
Microsoft Visual Studio Solution File, Format Version 12.00
# Visual Studio 15
VisualStudioVersion = 15.0.26124.0
MinimumVisualStudioVersion = 15.0.26124.0
Project("{FAE04EC0-301F-11D3-BF4B-00C04F79EFBC}") = "CatalogApi", "CatalogApi\CatalogApi.csproj", "{1123C413-4F20-42C1-8E36-63FFB09E911D}"
EndProject
Project("{FAE04EC0-301F-11D3-BF4B-00C04F79EFBC}") = "OrdersApi", "OrdersApi\OrdersApi.csproj", "{0B67B51D-3943-4822-9899-1AA52CDFF55C}"
EndProject
Project("{FAE04EC0-301F-11D3-BF4B-00C04F79EFBC}") = "AuthServer", "AuthServer\AuthServer.csproj", "{F4DD51F9-AA86-43EB-BC67-A762C8BF5FBB}"
EndProject
Global
	GlobalSection(SolutionConfigurationPlatforms) = preSolution
		Debug|Any CPU = Debug|Any CPU
		Debug|x64 = Debug|x64
		Debug|x86 = Debug|x86
		Release|Any CPU = Release|Any CPU
		Release|x64 = Release|x64
		Release|x86 = Release|x86
	EndGlobalSection
	GlobalSection(SolutionProperties) = preSolution
		HideSolutionNode = FALSE
	EndGlobalSection
	GlobalSection(ProjectConfigurationPlatforms) = postSolution
		{1123C413-4F20-42C1-8E36-63FFB09E911D}.Debug|Any CPU.ActiveCfg = Debug|Any CPU
		{1123C413-4F20-42C1-8E36-63FFB09E911D}.Debug|Any CPU.Build.0 = Debug|Any CPU
		{1123C413-4F20-42C1-8E36-63FFB09E911D}.Debug|x64.ActiveCfg = Debug|Any CPU
		{1123C413-4F20-42C1-8E36-63FFB09E911D}.Debug|x64.Build.0 = Debug|Any CPU
		{1123C413-4F20-42C1-8E36-63FFB09E911D}.Debug|x86.ActiveCfg = Debug|Any CPU
		{1123C413-4F20-42C1-8E36-63FFB09E911D}.Debug|x86.Build.0 = Debug|Any CPU
		{1123C413-4F20-42C1-8E36-63FFB09E911D}.Release|Any CPU.ActiveCfg = Release|Any CPU
		{1123C413-4F20-42C1-8E36-63FFB09E911D}.Release|Any CPU.Build.0 = Release|Any CPU
		{1123C413-4F20-42C1-8E36-63FFB09E911D}.Release|x64.ActiveCfg = Release|Any CPU
		{1123C413-4F20-42C1-8E36-63FFB09E911D}.Release|x64.Build.0 = Release|Any CPU
		{1123C413-4F20-42C1-8E36-63FFB09E911D}.Release|x86.ActiveCfg = Release|Any CPU
		{1123C413-4F20-42C1-8E36-63FFB09E911D}.Release|x86.Build.0 = Release|Any CPU
		{0B67B51D-3943-4822-9899-1AA52CDFF55C}.Debug|Any CPU.ActiveCfg = Debug|Any CPU
		{0B67B51D-3943-4822-9899-1AA52CDFF55C}.Debug|Any CPU.Build.0 = Debug|Any CPU
		{0B67B51D-3943-4822-9899-1AA52CDFF55C}.Debug|x64.ActiveCfg = Debug|Any CPU
		{0B67B51D-3943-4822-9899-1AA52CDFF55C}.Debug|x64.Build.0 = Debug|Any CPU
		{0B67B51D-3943-4822-9899-1AA52CDFF55C}.Debug|x86.ActiveCfg = Debug|Any CPU
		{0B67B51D-3943-4822-9899-1AA52CDFF55C}.Debug|x86.Build.0 = Debug|Any CPU
		{0B67B51D-3943-4822-9899-1AA52CDFF55C}.Release|Any CPU.ActiveCfg = Release|Any CPU
		{0B67B51D-3943-4822-9899-1AA52CDFF55C}.Release|Any CPU.Build.0 = Release|Any CPU
		{0B67B51D-3943-4822-9899-1AA52CDFF55C}.Release|x64.ActiveCfg = Release|Any CPU
		{0B67B51D-3943-4822-9899-1AA52CDFF55C}.Release|x64.Build.0 = Release|Any CPU
		{0B67B51D-3943-4822-9899-1AA52CDFF55C}.Release|x86.ActiveCfg = Release|Any CPU
		{0B67B51D-3943-4822-9899-1AA52CDFF55C}.Release|x86.Build.0 = Release|Any CPU
		{F4DD51F9-AA86-43EB-BC67-A762C8BF5FBB}.Debug|Any CPU.ActiveCfg = Debug|Any CPU
		{F4DD51F9-AA86-43EB-BC67-A762C8BF5FBB}.Debug|Any CPU.Build.0 = Debug|Any CPU
		{F4DD51F9-AA86-43EB-BC67-A762C8BF5FBB}.Debug|x64.ActiveCfg = Debug|Any CPU
		{F4DD51F9-AA86-43EB-BC67-A762C8BF5FBB}.Debug|x64.Build.0 = Debug|Any CPU
		{F4DD51F9-AA86-43EB-BC67-A762C8BF5FBB}.Debug|x86.ActiveCfg = Debug|Any CPU
		{F4DD51F9-AA86-43EB-BC67-A762C8BF5FBB}.Debug|x86.Build.0 = Debug|Any CPU
		{F4DD51F9-AA86-43EB-BC67-A762C8BF5FBB}.Release|Any CPU.ActiveCfg = Release|Any CPU
		{F4DD51F9-AA86-43EB-BC67-A762C8BF5FBB}.Release|Any CPU.Build.0 = Release|Any CPU
		{F4DD51F9-AA86-43EB-BC67-A762C8BF5FBB}.Release|x64.ActiveCfg = Release|Any CPU
		{F4DD51F9-AA86-43EB-BC67-A762C8BF5FBB}.Release|x64.Build.0 = Release|Any CPU
		{F4DD51F9-AA86-43EB-BC67-A762C8BF5FBB}.Release|x86.ActiveCfg = Release|Any CPU
		{F4DD51F9-AA86-43EB-BC67-A762C8BF5FBB}.Release|x86.Build.0 = Release|Any CPU
	EndGlobalSection
EndGlobal
